
Microsoft Visual Studio Solution File, Format Version 12.00
# Visual Studio 15
VisualStudioVersion = 15.0.28307.1259
MinimumVisualStudioVersion = 10.0.40219.1
Project("{FAE04EC0-301F-11D3-BF4B-00C04F79EFBC}") = "MazeGame", "MazeGame\MazeGame.csproj", "{156E51F4-DD01-484D-A3D6-2D2982A9AFA0}"
EndProject
Project("{FAE04EC0-301F-11D3-BF4B-00C04F79EFBC}") = "UnitTests", "UnitTests\UnitTests.csproj", "{3990ED10-5A6E-45CD-BA6C-CB8BA0500AB3}"
EndProject
Global
	GlobalSection(SolutionConfigurationPlatforms) = preSolution
		Debug|Any CPU = Debug|Any CPU
		Release|Any CPU = Release|Any CPU
	EndGlobalSection
	GlobalSection(ProjectConfigurationPlatforms) = postSolution
		{156E51F4-DD01-484D-A3D6-2D2982A9AFA0}.Debug|Any CPU.ActiveCfg = Debug|Any CPU
		{156E51F4-DD01-484D-A3D6-2D2982A9AFA0}.Debug|Any CPU.Build.0 = Debug|Any CPU
		{156E51F4-DD01-484D-A3D6-2D2982A9AFA0}.Release|Any CPU.ActiveCfg = Release|Any CPU
		{156E51F4-DD01-484D-A3D6-2D2982A9AFA0}.Release|Any CPU.Build.0 = Release|Any CPU
		{3990ED10-5A6E-45CD-BA6C-CB8BA0500AB3}.Debug|Any CPU.ActiveCfg = Debug|Any CPU
		{3990ED10-5A6E-45CD-BA6C-CB8BA0500AB3}.Debug|Any CPU.Build.0 = Debug|Any CPU
		{3990ED10-5A6E-45CD-BA6C-CB8BA0500AB3}.Release|Any CPU.ActiveCfg = Release|Any CPU
		{3990ED10-5A6E-45CD-BA6C-CB8BA0500AB3}.Release|Any CPU.Build.0 = Release|Any CPU
	EndGlobalSection
	GlobalSection(SolutionProperties) = preSolution
		HideSolutionNode = FALSE
	EndGlobalSection
	GlobalSection(ExtensibilityGlobals) = postSolution
		SolutionGuid = {EAD66771-A4E0-49BE-9E85-DD48832D719C}
	EndGlobalSection
EndGlobal
